# Python 3.11, Linux aarch64; pure extension-only packages.
# Shared dependencies (aiohttp, certifi, typing-extensions) are supplied by
# the frozen Hermes core. The optional tabulate widechars extra is not enabled.
edge-tts==7.2.7 --hash=sha256:ac11d9e834347e5ee62cbe72e8a56ffd65d3c4e795be14b1e593b72cf6480dd9
tabulate==0.10.0 --hash=sha256:f0b0622e567335c8fabaaa659f1b33bcb6ddfe2e496071b743aa113f8774f2d3
